
Microsoft Visual Studio Solution File, Format Version 12.00
# Visual Studio Version 17
VisualStudioVersion = 17.1.32228.430
MinimumVisualStudioVersion = 10.0.40219.1
Project("{9A19103F-16F7-4668-BE54-9A1E7A4F7556}") = "NfcAssist", "NfcAssist\NfcAssist.csproj", "{BAC814CA-B13F-4DFD-8B9C-DE54FF8252C5}"
EndProject
Project("{9A19103F-16F7-4668-BE54-9A1E7A4F7556}") = "NfcAssistTest", "NfcAssistTest\NfcAssistTest.csproj", "{10EB3871-A98B-47EC-869B-8C2CD0101B09}"
EndProject
Project("{FAE04EC0-301F-11D3-BF4B-00C04F79EFBC}") = "NfcAssistNet4", "NfcAssistNet4\NfcAssistNet4.csproj", "{E8FC1931-AC54-4626-A8DF-6FEF513BD7F1}"
EndProject
Project("{FAE04EC0-301F-11D3-BF4B-00C04F79EFBC}") = "NfcAssistTest4", "NfcAssistTest4\NfcAssistTest4.csproj", "{4998FF27-6CC1-43FF-8B70-FD3CCEB22F68}"
EndProject
Project("{9A19103F-16F7-4668-BE54-9A1E7A4F7556}") = "NfcReaderChecker", "NfcReaderChecker\NfcReaderChecker.csproj", "{F5A4FF16-B767-439A-88B3-70E3F1D601C0}"
EndProject
Project("{FAE04EC0-301F-11D3-BF4B-00C04F79EFBC}") = "NfcAssistTest4_Net5", "NfcAssistTest4_Net5\NfcAssistTest4_Net5.csproj", "{04CD91C5-2BA3-44C4-8B28-106D1AACBAAF}"
EndProject
Global
	GlobalSection(SolutionConfigurationPlatforms) = preSolution
		Debug|Any CPU = Debug|Any CPU
		Release|Any CPU = Release|Any CPU
	EndGlobalSection
	GlobalSection(ProjectConfigurationPlatforms) = postSolution
		{BAC814CA-B13F-4DFD-8B9C-DE54FF8252C5}.Debug|Any CPU.ActiveCfg = Debug|Any CPU
		{BAC814CA-B13F-4DFD-8B9C-DE54FF8252C5}.Debug|Any CPU.Build.0 = Debug|Any CPU
		{BAC814CA-B13F-4DFD-8B9C-DE54FF8252C5}.Release|Any CPU.ActiveCfg = Release|Any CPU
		{BAC814CA-B13F-4DFD-8B9C-DE54FF8252C5}.Release|Any CPU.Build.0 = Release|Any CPU
		{10EB3871-A98B-47EC-869B-8C2CD0101B09}.Debug|Any CPU.ActiveCfg = Debug|Any CPU
		{10EB3871-A98B-47EC-869B-8C2CD0101B09}.Debug|Any CPU.Build.0 = Debug|Any CPU
		{10EB3871-A98B-47EC-869B-8C2CD0101B09}.Release|Any CPU.ActiveCfg = Release|Any CPU
		{10EB3871-A98B-47EC-869B-8C2CD0101B09}.Release|Any CPU.Build.0 = Release|Any CPU
		{E8FC1931-AC54-4626-A8DF-6FEF513BD7F1}.Debug|Any CPU.ActiveCfg = Debug|Any CPU
		{E8FC1931-AC54-4626-A8DF-6FEF513BD7F1}.Debug|Any CPU.Build.0 = Debug|Any CPU
		{E8FC1931-AC54-4626-A8DF-6FEF513BD7F1}.Release|Any CPU.ActiveCfg = Release|Any CPU
		{E8FC1931-AC54-4626-A8DF-6FEF513BD7F1}.Release|Any CPU.Build.0 = Release|Any CPU
		{4998FF27-6CC1-43FF-8B70-FD3CCEB22F68}.Debug|Any CPU.ActiveCfg = Debug|Any CPU
		{4998FF27-6CC1-43FF-8B70-FD3CCEB22F68}.Debug|Any CPU.Build.0 = Debug|Any CPU
		{4998FF27-6CC1-43FF-8B70-FD3CCEB22F68}.Release|Any CPU.ActiveCfg = Release|Any CPU
		{4998FF27-6CC1-43FF-8B70-FD3CCEB22F68}.Release|Any CPU.Build.0 = Release|Any CPU
		{F5A4FF16-B767-439A-88B3-70E3F1D601C0}.Debug|Any CPU.ActiveCfg = Debug|Any CPU
		{F5A4FF16-B767-439A-88B3-70E3F1D601C0}.Debug|Any CPU.Build.0 = Debug|Any CPU
		{F5A4FF16-B767-439A-88B3-70E3F1D601C0}.Release|Any CPU.ActiveCfg = Release|Any CPU
		{F5A4FF16-B767-439A-88B3-70E3F1D601C0}.Release|Any CPU.Build.0 = Release|Any CPU
		{04CD91C5-2BA3-44C4-8B28-106D1AACBAAF}.Debug|Any CPU.ActiveCfg = Debug|Any CPU
		{04CD91C5-2BA3-44C4-8B28-106D1AACBAAF}.Debug|Any CPU.Build.0 = Debug|Any CPU
		{04CD91C5-2BA3-44C4-8B28-106D1AACBAAF}.Release|Any CPU.ActiveCfg = Release|Any CPU
		{04CD91C5-2BA3-44C4-8B28-106D1AACBAAF}.Release|Any CPU.Build.0 = Release|Any CPU
	EndGlobalSection
	GlobalSection(SolutionProperties) = preSolution
		HideSolutionNode = FALSE
	EndGlobalSection
	GlobalSection(ExtensibilityGlobals) = postSolution
		SolutionGuid = {33D5651D-6594-4488-A440-EF2FA21FED4E}
	EndGlobalSection
EndGlobal
